
Microsoft Visual Studio Solution File, Format Version 12.00
# Visual Studio 15
VisualStudioVersion = 15.0.26124.0
MinimumVisualStudioVersion = 15.0.26124.0
Project("{9A19103F-16F7-4668-BE54-9A1E7A4F7556}") = "SignalR.Tutorial", "src\SignalR.Tutorial\SignalR.Tutorial.csproj", "{BD6EE0BE-9427-4187-975C-14E8EBCDBBA0}"
EndProject
Project("{9A19103F-16F7-4668-BE54-9A1E7A4F7556}") = "SignalR.Tutorial.ConsoleApp", "src\SignalR.Tutorial.ConsoleApp\SignalR.Tutorial.ConsoleApp.csproj", "{9C9DE7BD-2031-4AE8-AB37-B3292508C479}"
EndProject
Global
	GlobalSection(SolutionConfigurationPlatforms) = preSolution
		Debug|Any CPU = Debug|Any CPU
		Debug|x64 = Debug|x64
		Debug|x86 = Debug|x86
		Release|Any CPU = Release|Any CPU
		Release|x64 = Release|x64
		Release|x86 = Release|x86
	EndGlobalSection
	GlobalSection(ProjectConfigurationPlatforms) = postSolution
		{BD6EE0BE-9427-4187-975C-14E8EBCDBBA0}.Debug|Any CPU.ActiveCfg = Debug|Any CPU
		{BD6EE0BE-9427-4187-975C-14E8EBCDBBA0}.Debug|Any CPU.Build.0 = Debug|Any CPU
		{BD6EE0BE-9427-4187-975C-14E8EBCDBBA0}.Debug|x64.ActiveCfg = Debug|Any CPU
		{BD6EE0BE-9427-4187-975C-14E8EBCDBBA0}.Debug|x64.Build.0 = Debug|Any CPU
		{BD6EE0BE-9427-4187-975C-14E8EBCDBBA0}.Debug|x86.ActiveCfg = Debug|Any CPU
		{BD6EE0BE-9427-4187-975C-14E8EBCDBBA0}.Debug|x86.Build.0 = Debug|Any CPU
		{BD6EE0BE-9427-4187-975C-14E8EBCDBBA0}.Release|Any CPU.ActiveCfg = Release|Any CPU
		{BD6EE0BE-9427-4187-975C-14E8EBCDBBA0}.Release|Any CPU.Build.0 = Release|Any CPU
		{BD6EE0BE-9427-4187-975C-14E8EBCDBBA0}.Release|x64.ActiveCfg = Release|Any CPU
		{BD6EE0BE-9427-4187-975C-14E8EBCDBBA0}.Release|x64.Build.0 = Release|Any CPU
		{BD6EE0BE-9427-4187-975C-14E8EBCDBBA0}.Release|x86.ActiveCfg = Release|Any CPU
		{BD6EE0BE-9427-4187-975C-14E8EBCDBBA0}.Release|x86.Build.0 = Release|Any CPU
		{9C9DE7BD-2031-4AE8-AB37-B3292508C479}.Debug|Any CPU.ActiveCfg = Debug|Any CPU
		{9C9DE7BD-2031-4AE8-AB37-B3292508C479}.Debug|Any CPU.Build.0 = Debug|Any CPU
		{9C9DE7BD-2031-4AE8-AB37-B3292508C479}.Debug|x64.ActiveCfg = Debug|Any CPU
		{9C9DE7BD-2031-4AE8-AB37-B3292508C479}.Debug|x64.Build.0 = Debug|Any CPU
		{9C9DE7BD-2031-4AE8-AB37-B3292508C479}.Debug|x86.ActiveCfg = Debug|Any CPU
		{9C9DE7BD-2031-4AE8-AB37-B3292508C479}.Debug|x86.Build.0 = Debug|Any CPU
		{9C9DE7BD-2031-4AE8-AB37-B3292508C479}.Release|Any CPU.ActiveCfg = Release|Any CPU
		{9C9DE7BD-2031-4AE8-AB37-B3292508C479}.Release|Any CPU.Build.0 = Release|Any CPU
		{9C9DE7BD-2031-4AE8-AB37-B3292508C479}.Release|x64.ActiveCfg = Release|Any CPU
		{9C9DE7BD-2031-4AE8-AB37-B3292508C479}.Release|x64.Build.0 = Release|Any CPU
		{9C9DE7BD-2031-4AE8-AB37-B3292508C479}.Release|x86.ActiveCfg = Release|Any CPU
		{9C9DE7BD-2031-4AE8-AB37-B3292508C479}.Release|x86.Build.0 = Release|Any CPU
	EndGlobalSection
	GlobalSection(SolutionProperties) = preSolution
		HideSolutionNode = FALSE
	EndGlobalSection
	GlobalSection(ExtensibilityGlobals) = postSolution
		SolutionGuid = {6F8BF011-81AB-4220-80B6-39E807A13A2A}
	EndGlobalSection
EndGlobal
